{
  "name": "@uvalib/occupancy-tools",
  "version": "0.1.0",
  "lockfileVersion": 3,
  "requires": true,
  "packages": {
    "": {
      "name": "@uvalib/occupancy-tools",
      "version": "0.1.0",
      "license": "ISC",
      "dependencies": {
        "date-and-time": "^3.0.2",
        "digest-fetch": "^3.0.4"
      },
      "bin": {
        "occupancy-poller": "dist/occupancy-poller.js"
      },
      "devDependencies": {
        "typescript": "^5.1.6"
      }
    },
    "node_modules/base-64": {
      "version": "0.1.0",
      "resolved": "https://registry.npmjs.org/base-64/-/base-64-0.1.0.tgz",
      "integrity": "sha512-Y5gU45svrR5tI2Vt/X9GPd3L0HNIKzGu202EjxrXMpuc2V2CiKgemAbUUsqYmZJvPtCXoUKjNZwBJzsNScUbXA=="
    },
    "node_modules/charenc": {
      "version": "0.0.2",
      "resolved": "https://registry.npmjs.org/charenc/-/charenc-0.0.2.tgz",
      "integrity": "sha512-yrLQ/yVUFXkzg7EDQsPieE/53+0RlaWTs+wBrvW36cyilJ2SaDWfl4Yj7MtLTXleV9uEKefbAGUPv2/iWSooRA==",
      "engines": {
        "node": "*"
      }
    },
    "node_modules/crypt": {
      "version": "0.0.2",
      "resolved": "https://registry.npmjs.org/crypt/-/crypt-0.0.2.tgz",
      "integrity": "sha512-mCxBlsHFYh9C+HVpiEacem8FEBnMXgU9gy4zmNC+SXAZNB/1idgp/aulFJ4FgCi7GPEVbfyng092GqL2k2rmow==",
      "engines": {
        "node": "*"
      }
    },
    "node_modules/date-and-time": {
      "version": "3.0.2",
      "resolved": "https://registry.npmjs.org/date-and-time/-/date-and-time-3.0.2.tgz",
      "integrity": "sha512-MOqlRertOQmQI7ySbz6dKLM7Rxm9dgcPuBI9IL7NVe0UGqHPK+6hWSKVhLrVHxlSgQQtocE2R7+HFOf5aMz8vw=="
    },
    "node_modules/digest-fetch": {
      "version": "3.0.4",
      "resolved": "https://registry.npmjs.org/digest-fetch/-/digest-fetch-3.0.4.tgz",
      "integrity": "sha512-cHUSjZ9pScAwi05z5s0KQlGFTrE0R+UwrXGHqqu8Kyjypb/XL8D+8ccqovOfWc/mX8IMHX37qePrPb3jP/vmiQ==",
      "dependencies": {
        "base-64": "^0.1.0",
        "js-sha256": "^0.9.0",
        "js-sha512": "^0.8.0",
        "md5": "^2.3.0"
      }
    },
    "node_modules/is-buffer": {
      "version": "1.1.6",
      "resolved": "https://registry.npmjs.org/is-buffer/-/is-buffer-1.1.6.tgz",
      "integrity": "sha512-NcdALwpXkTm5Zvvbk7owOUSvVvBKDgKP5/ewfXEznmQFfs4ZRmanOeKBTjRVjka3QFoN6XJ+9F3USqfHqTaU5w=="
    },
    "node_modules/js-sha256": {
      "version": "0.9.0",
      "resolved": "https://registry.npmjs.org/js-sha256/-/js-sha256-0.9.0.tgz",
      "integrity": "sha512-sga3MHh9sgQN2+pJ9VYZ+1LPwXOxuBJBA5nrR5/ofPfuiJBE2hnjsaN8se8JznOmGLN2p49Pe5U/ttafcs/apA=="
    },
    "node_modules/js-sha512": {
      "version": "0.8.0",
      "resolved": "https://registry.npmjs.org/js-sha512/-/js-sha512-0.8.0.tgz",
      "integrity": "sha512-PWsmefG6Jkodqt+ePTvBZCSMFgN7Clckjd0O7su3I0+BW2QWUTJNzjktHsztGLhncP2h8mcF9V9Y2Ha59pAViQ=="
    },
    "node_modules/md5": {
      "version": "2.3.0",
      "resolved": "https://registry.npmjs.org/md5/-/md5-2.3.0.tgz",
      "integrity": "sha512-T1GITYmFaKuO91vxyoQMFETst+O71VUPEU3ze5GNzDm0OWdP8v1ziTaAEPUr/3kLsY3Sftgz242A1SetQiDL7g==",
      "dependencies": {
        "charenc": "0.0.2",
        "crypt": "0.0.2",
        "is-buffer": "~1.1.6"
      }
    },
    "node_modules/typescript": {
      "version": "5.1.6",
      "resolved": "https://registry.npmjs.org/typescript/-/typescript-5.1.6.tgz",
      "integrity": "sha512-zaWCozRZ6DLEWAWFrVDz1H6FVXzUSfTy5FUMWsQlU8Ym5JP9eO4xkTIROFCQvhQf61z6O/G6ugw3SgAnvvm+HA==",
      "dev": true,
      "bin": {
        "tsc": "bin/tsc",
        "tsserver": "bin/tsserver"
      },
      "engines": {
        "node": ">=14.17"
      }
    }
  }
}
